
Microsoft Visual Studio Solution File, Format Version 12.00
# Visual Studio Version 17
VisualStudioVersion = 17.10.34928.147
MinimumVisualStudioVersion = 10.0.40219.1
Project("{9A19103F-16F7-4668-BE54-9A1E7A4F7556}") = "YzMedia.API", "YzMediaAPI\YzMedia.API.csproj", "{A274B838-EDB4-4D6A-BB79-6F687A11EC61}"
EndProject
Project("{9A19103F-16F7-4668-BE54-9A1E7A4F7556}") = "YzMedia.Library.Common", "YzMedia.Library.Common\YzMedia.Library.Common.csproj", "{FB969A13-42B1-47DB-9FA7-C28400780D0D}"
EndProject
Project("{FAE04EC0-301F-11D3-BF4B-00C04F79EFBC}") = "ToolUploadImage", "ToolUploadImage\ToolUploadImage.csproj", "{A095F0E5-4538-4B25-A874-48212338060F}"
EndProject
Global
	GlobalSection(SolutionConfigurationPlatforms) = preSolution
		Debug|Any CPU = Debug|Any CPU
		Release|Any CPU = Release|Any CPU
	EndGlobalSection
	GlobalSection(ProjectConfigurationPlatforms) = postSolution
		{A274B838-EDB4-4D6A-BB79-6F687A11EC61}.Debug|Any CPU.ActiveCfg = Debug|Any CPU
		{A274B838-EDB4-4D6A-BB79-6F687A11EC61}.Debug|Any CPU.Build.0 = Debug|Any CPU
		{A274B838-EDB4-4D6A-BB79-6F687A11EC61}.Release|Any CPU.ActiveCfg = Release|Any CPU
		{A274B838-EDB4-4D6A-BB79-6F687A11EC61}.Release|Any CPU.Build.0 = Release|Any CPU
		{FB969A13-42B1-47DB-9FA7-C28400780D0D}.Debug|Any CPU.ActiveCfg = Debug|Any CPU
		{FB969A13-42B1-47DB-9FA7-C28400780D0D}.Debug|Any CPU.Build.0 = Debug|Any CPU
		{FB969A13-42B1-47DB-9FA7-C28400780D0D}.Release|Any CPU.ActiveCfg = Release|Any CPU
		{FB969A13-42B1-47DB-9FA7-C28400780D0D}.Release|Any CPU.Build.0 = Release|Any CPU
		{A095F0E5-4538-4B25-A874-48212338060F}.Debug|Any CPU.ActiveCfg = Debug|Any CPU
		{A095F0E5-4538-4B25-A874-48212338060F}.Debug|Any CPU.Build.0 = Debug|Any CPU
		{A095F0E5-4538-4B25-A874-48212338060F}.Release|Any CPU.ActiveCfg = Release|Any CPU
		{A095F0E5-4538-4B25-A874-48212338060F}.Release|Any CPU.Build.0 = Release|Any CPU
	EndGlobalSection
	GlobalSection(SolutionProperties) = preSolution
		HideSolutionNode = FALSE
	EndGlobalSection
	GlobalSection(ExtensibilityGlobals) = postSolution
		SolutionGuid = {7233A856-BEC4-4181-9D7B-C8FB4DBDA68E}
	EndGlobalSection
EndGlobal
